
Microsoft Visual Studio Solution File, Format Version 12.00
# Visual Studio Version 16
VisualStudioVersion = 16.0.31025.109
MinimumVisualStudioVersion = 10.0.40219.1
Project("{FAE04EC0-301F-11D3-BF4B-00C04F79EFBC}") = "PingFunction", "PingFunction.csproj", "{1A0E4091-B155-4F35-A4E5-01054B0B8DCB}"
EndProject
Global
	GlobalSection(SolutionConfigurationPlatforms) = preSolution
		Debug|Any CPU = Debug|Any CPU
		Release|Any CPU = Release|Any CPU
	EndGlobalSection
	GlobalSection(ProjectConfigurationPlatforms) = postSolution
		{1A0E4091-B155-4F35-A4E5-01054B0B8DCB}.Debug|Any CPU.ActiveCfg = Debug|Any CPU
		{1A0E4091-B155-4F35-A4E5-01054B0B8DCB}.Debug|Any CPU.Build.0 = Debug|Any CPU
		{1A0E4091-B155-4F35-A4E5-01054B0B8DCB}.Release|Any CPU.ActiveCfg = Release|Any CPU
		{1A0E4091-B155-4F35-A4E5-01054B0B8DCB}.Release|Any CPU.Build.0 = Release|Any CPU
	EndGlobalSection
	GlobalSection(SolutionProperties) = preSolution
		HideSolutionNode = FALSE
	EndGlobalSection
	GlobalSection(ExtensibilityGlobals) = postSolution
		SolutionGuid = {4E014DA7-7795-4946-9C90-FA969BFDB42B}
	EndGlobalSection
EndGlobal
